
Microsoft Visual Studio Solution File, Format Version 12.00
# Visual Studio Version 17
VisualStudioVersion = 17.9.34622.214
MinimumVisualStudioVersion = 10.0.40219.1
Project("{FAE04EC0-301F-11D3-BF4B-00C04F79EFBC}") = "LearniVerseNew", "LearniVerseNew\LearniVerseNew.csproj", "{D2CBA443-3103-43ED-AF39-26C2EC3F704F}"
EndProject
Global
	GlobalSection(SolutionConfigurationPlatforms) = preSolution
		Debug|Any CPU = Debug|Any CPU
		Release|Any CPU = Release|Any CPU
	EndGlobalSection
	GlobalSection(ProjectConfigurationPlatforms) = postSolution
		{D2CBA443-3103-43ED-AF39-26C2EC3F704F}.Debug|Any CPU.ActiveCfg = Debug|Any CPU
		{D2CBA443-3103-43ED-AF39-26C2EC3F704F}.Debug|Any CPU.Build.0 = Debug|Any CPU
		{D2CBA443-3103-43ED-AF39-26C2EC3F704F}.Release|Any CPU.ActiveCfg = Release|Any CPU
		{D2CBA443-3103-43ED-AF39-26C2EC3F704F}.Release|Any CPU.Build.0 = Release|Any CPU
	EndGlobalSection
	GlobalSection(SolutionProperties) = preSolution
		HideSolutionNode = FALSE
	EndGlobalSection
	GlobalSection(ExtensibilityGlobals) = postSolution
		SolutionGuid = {2106D70D-8326-4689-B2D9-8BCE468ABD51}
	EndGlobalSection
EndGlobal
